// !$*UTF8*$!
{
	archiveVersion = 1;
	classes = {
	};
	objectVersion = 50;
	objects = {

/* Begin PBXBuildFile section */
		40F2D5652714F8A10025BB9B /* AppDelegate.swift in Sources */ = {isa = PBXBuildFile; fileRef = 40F2D5642714F8A10025BB9B /* AppDelegate.swift */; };
		40F2D5672714F8A10025BB9B /* SceneDelegate.swift in Sources */ = {isa = PBXBuildFile; fileRef = 40F2D5662714F8A10025BB9B /* SceneDelegate.swift */; };
		40F2D5692714F8A10025BB9B /* ViewController.swift in Sources */ = {isa = PBXBuildFile; fileRef = 40F2D5682714F8A10025BB9B /* ViewController.swift */; };
		40F2D56C2714F8A10025BB9B /* Main.storyboard in Resources */ = {isa = PBXBuildFile; fileRef = 40F2D56A2714F8A10025BB9B /* Main.storyboard */; };
		40F2D56E2714F8A20025BB9B /* Assets.xcassets in Resources */ = {isa = PBXBuildFile; fileRef = 40F2D56D2714F8A20025BB9B /* Assets.xcassets */; };
		40F2D5712714F8A20025BB9B /* LaunchScreen.storyboard in Resources */ = {isa = PBXBuildFile; fileRef = 40F2D56F2714F8A20025BB9B /* LaunchScreen.storyboard */; };
		40F2D57C2714F8A20025BB9B /* citizenmeTests.swift in Sources */ = {isa = PBXBuildFile; fileRef = 40F2D57B2714F8A20025BB9B /* citizenmeTests.swift */; };
		40F2D5872714F8A20025BB9B /* citizenmeUITests.swift in Sources */ = {isa = PBXBuildFile; fileRef = 40F2D5862714F8A20025BB9B /* citizenmeUITests.swift */; };
/* End PBXBuildFile section */

/* Begin PBXContainerItemProxy section */
		40F2D5782714F8A20025BB9B /* PBXContainerItemProxy */ = {
			isa = PBXContainerItemProxy;
			containerPortal = 40F2D5592714F8A10025BB9B /* Project object */;
			proxyType = 1;
			remoteGlobalIDString = 40F2D5602714F8A10025BB9B;
			remoteInfo = citizenme;
		};
		40F2D5832714F8A20025BB9B /* PBXContainerItemProxy */ = {
			isa = PBXContainerItemProxy;
			containerPortal = 40F2D5592714F8A10025BB9B /* Project object */;
			proxyType = 1;
			remoteGlobalIDString = 40F2D5602714F8A10025BB9B;
			remoteInfo = citizenme;
		};
/* End PBXContainerItemProxy section */

/* Begin PBXFileReference section */
		40F2D5612714F8A10025BB9B /* citizenme.app */ = {isa = PBXFileReference; explicitFileType = wrapper.application; includeInIndex = 0; path = citizenme.app; sourceTree = BUILT_PRODUCTS_DIR; };
		40F2D5642714F8A10025BB9B /* AppDelegate.swift */ = {isa = PBXFileReference; lastKnownFileType = sourcecode.swift; path = AppDelegate.swift; sourceTree = "<group>"; };
		40F2D5662714F8A10025BB9B /* SceneDelegate.swift */ = {isa = PBXFileReference; lastKnownFileType = sourcecode.swift; path = SceneDelegate.swift; sourceTree = "<group>"; };
		40F2D5682714F8A10025BB9B /* ViewController.swift */ = {isa = PBXFileReference; lastKnownFileType = sourcecode.swift; path = ViewController.swift; sourceTree = "<group>"; };
		40F2D56B2714F8A10025BB9B /* Base */ = {isa = PBXFileReference; lastKnownFileType = file.storyboard; name = Base; path = Base.lproj/Main.storyboard; sourceTree = "<group>"; };
		40F2D56D2714F8A20025BB9B /* Assets.xcassets */ = {isa = PBXFileReference; lastKnownFileType = folder.assetcatalog; path = Assets.xcassets; sourceTree = "<group>"; };
		40F2D5702714F8A20025BB9B /* Base */ = {isa = PBXFileReference; lastKnownFileType = file.storyboard; name = Base; path = Base.lproj/LaunchScreen.storyboard; sourceTree = "<group>"; };
		40F2D5722714F8A20025BB9B /* Info.plist */ = {isa = PBXFileReference; lastKnownFileType = text.plist.xml; path = Info.plist; sourceTree = "<group>"; };
		40F2D5772714F8A20025BB9B /* citizenmeTests.xctest */ = {isa = PBXFileReference; explicitFileType = wrapper.cfbundle; includeInIndex = 0; path = citizenmeTests.xctest; sourceTree = BUILT_PRODUCTS_DIR; };
		40F2D57B2714F8A20025BB9B /* citizenmeTests.swift */ = {isa = PBXFileReference; lastKnownFileType = sourcecode.swift; path = citizenmeTests.swift; sourceTree = "<group>"; };
		40F2D57D2714F8A20025BB9B /* Info.plist */ = {isa = PBXFileReference; lastKnownFileType = text.plist.xml; path = Info.plist; sourceTree = "<group>"; };
		40F2D5822714F8A20025BB9B /* citizenmeUITests.xctest */ = {isa = PBXFileReference; explicitFileType = wrapper.cfbundle; includeInIndex = 0; path = citizenmeUITests.xctest; sourceTree = BUILT_PRODUCTS_DIR; };
		40F2D5862714F8A20025BB9B /* citizenmeUITests.swift */ = {isa = PBXFileReference; lastKnownFileType = sourcecode.swift; path = citizenmeUITests.swift; sourceTree = "<group>"; };
		40F2D5882714F8A20025BB9B /* Info.plist */ = {isa = PBXFileReference; lastKnownFileType = text.plist.xml; path = Info.plist; sourceTree = "<group>"; };
/* End PBXFileReference section */

/* Begin PBXFrameworksBuildPhase section */
		40F2D55E2714F8A10025BB9B /* Frameworks */ = {
			isa = PBXFrameworksBuildPhase;
			buildActionMask = 2147483647;
			files = (
			);
			runOnlyForDeploymentPostprocessing = 0;
		};
		40F2D5742714F8A20025BB9B /* Frameworks */ = {
			isa = PBXFrameworksBuildPhase;
			buildActionMask = 2147483647;
			files = (
			);
			runOnlyForDeploymentPostprocessing = 0;
		};
		40F2D57F2714F8A20025BB9B /* Frameworks */ = {
			isa = PBXFrameworksBuildPhase;
			buildActionMask = 2147483647;
			files = (
			);
			runOnlyForDeploymentPostprocessing = 0;
		};
/* End PBXFrameworksBuildPhase section */

/* Begin PBXGroup section */
		40F2D5582714F8A10025BB9B = {
			isa = PBXGroup;
			children = (
				40F2D5632714F8A10025BB9B /* citizenme */,
				40F2D57A2714F8A20025BB9B /* citizenmeTests */,
				40F2D5852714F8A20025BB9B /* citizenmeUITests */,
				40F2D5622714F8A10025BB9B /* Products */,
			);
			sourceTree = "<group>";
		};
		40F2D5622714F8A10025BB9B /* Products */ = {
			isa = PBXGroup;
			children = (
				40F2D5612714F8A10025BB9B /* citizenme.app */,
				40F2D5772714F8A20025BB9B /* citizenmeTests.xctest */,
				40F2D5822714F8A20025BB9B /* citizenmeUITests.xctest */,
			);
			name = Products;
			sourceTree = "<group>";
		};
		40F2D5632714F8A10025BB9B /* citizenme */ = {
			isa = PBXGroup;
			children = (
				40F2D5642714F8A10025BB9B /* AppDelegate.swift */,
				40F2D5662714F8A10025BB9B /* SceneDelegate.swift */,
				40F2D5682714F8A10025BB9B /* ViewController.swift */,
				40F2D56A2714F8A10025BB9B /* Main.storyboard */,
				40F2D56D2714F8A20025BB9B /* Assets.xcassets */,
				40F2D56F2714F8A20025BB9B /* LaunchScreen.storyboard */,
				40F2D5722714F8A20025BB9B /* Info.plist */,
			);
			path = citizenme;
			sourceTree = "<group>";
		};
		40F2D57A2714F8A20025BB9B /* citizenmeTests */ = {
			isa = PBXGroup;
			children = (
				40F2D57B2714F8A20025BB9B /* citizenmeTests.swift */,
				40F2D57D2714F8A20025BB9B /* Info.plist */,
			);
			path = citizenmeTests;
			sourceTree = "<group>";
		};
		40F2D5852714F8A20025BB9B /* citizenmeUITests */ = {
			isa = PBXGroup;
			children = (
				40F2D5862714F8A20025BB9B /* citizenmeUITests.swift */,
				40F2D5882714F8A20025BB9B /* Info.plist */,
			);
			path = citizenmeUITests;
			sourceTree = "<group>";
		};
/* End PBXGroup section */

/* Begin PBXNativeTarget section */
		40F2D5602714F8A10025BB9B /* citizenme */ = {
			isa = PBXNativeTarget;
			buildConfigurationList = 40F2D58B2714F8A20025BB9B /* Build configuration list for PBXNativeTarget "citizenme" */;
			buildPhases = (
				40F2D55D2714F8A10025BB9B /* Sources */,
				40F2D55E2714F8A10025BB9B /* Frameworks */,
				40F2D55F2714F8A10025BB9B /* Resources */,
			);
			buildRules = (
			);
			dependencies = (
			);
			name = citizenme;
			productName = citizenme;
			productReference = 40F2D5612714F8A10025BB9B /* citizenme.app */;
			productType = "com.apple.product-type.application";
		};
		40F2D5762714F8A20025BB9B /* citizenmeTests */ = {
			isa = PBXNativeTarget;
			buildConfigurationList = 40F2D58E2714F8A20025BB9B /* Build configuration list for PBXNativeTarget "citizenmeTests" */;
			buildPhases = (
				40F2D5732714F8A20025BB9B /* Sources */,
				40F2D5742714F8A20025BB9B /* Frameworks */,
				40F2D5752714F8A20025BB9B /* Resources */,
			);
			buildRules = (
			);
			dependencies = (
				40F2D5792714F8A20025BB9B /* PBXTargetDependency */,
			);
			name = citizenmeTests;
			productName = citizenmeTests;
			productReference = 40F2D5772714F8A20025BB9B /* citizenmeTests.xctest */;
			productType = "com.apple.product-type.bundle.unit-test";
		};
		40F2D5812714F8A20025BB9B /* citizenmeUITests */ = {
			isa = PBXNativeTarget;
			buildConfigurationList = 40F2D5912714F8A20025BB9B /* Build configuration list for PBXNativeTarget "citizenmeUITests" */;
			buildPhases = (
				40F2D57E2714F8A20025BB9B /* Sources */,
				40F2D57F2714F8A20025BB9B /* Frameworks */,
				40F2D5802714F8A20025BB9B /* Resources */,
			);
			buildRules = (
			);
			dependencies = (
				40F2D5842714F8A20025BB9B /* PBXTargetDependency */,
			);
			name = citizenmeUITests;
			productName = citizenmeUITests;
			productReference = 40F2D5822714F8A20025BB9B /* citizenmeUITests.xctest */;
			productType = "com.apple.product-type.bundle.ui-testing";
		};
/* End PBXNativeTarget section */

/* Begin PBXProject section */
		40F2D5592714F8A10025BB9B /* Project object */ = {
			isa = PBXProject;
			attributes = {
				LastSwiftUpdateCheck = 1240;
				LastUpgradeCheck = 1240;
				TargetAttributes = {
					40F2D5602714F8A10025BB9B = {
						CreatedOnToolsVersion = 12.4;
					};
					40F2D5762714F8A20025BB9B = {
						CreatedOnToolsVersion = 12.4;
						TestTargetID = 40F2D5602714F8A10025BB9B;
					};
					40F2D5812714F8A20025BB9B = {
						CreatedOnToolsVersion = 12.4;
						TestTargetID = 40F2D5602714F8A10025BB9B;
					};
				};
			};
			buildConfigurationList = 40F2D55C2714F8A10025BB9B /* Build configuration list for PBXProject "citizenme" */;
			compatibilityVersion = "Xcode 9.3";
			developmentRegion = en;
			hasScannedForEncodings = 0;
			knownRegions = (
				en,
				Base,
			);
			mainGroup = 40F2D5582714F8A10025BB9B;
			productRefGroup = 40F2D5622714F8A10025BB9B /* Products */;
			projectDirPath = "";
			projectRoot = "";
			targets = (
				40F2D5602714F8A10025BB9B /* citizenme */,
				40F2D5762714F8A20025BB9B /* citizenmeTests */,
				40F2D5812714F8A20025BB9B /* citizenmeUITests */,
			);
		};
/* End PBXProject section */

/* Begin PBXResourcesBuildPhase section */
		40F2D55F2714F8A10025BB9B /* Resources */ = {
			isa = PBXResourcesBuildPhase;
			buildActionMask = 2147483647;
			files = (
				40F2D5712714F8A20025BB9B /* LaunchScreen.storyboard in Resources */,
				40F2D56E2714F8A20025BB9B /* Assets.xcassets in Resources */,
				40F2D56C2714F8A10025BB9B /* Main.storyboard in Resources */,
			);
			runOnlyForDeploymentPostprocessing = 0;
		};
		40F2D5752714F8A20025BB9B /* Resources */ = {
			isa = PBXResourcesBuildPhase;
			buildActionMask = 2147483647;
			files = (
			);
			runOnlyForDeploymentPostprocessing = 0;
		};
		40F2D5802714F8A20025BB9B /* Resources */ = {
			isa = PBXResourcesBuildPhase;
			buildActionMask = 2147483647;
			files = (
			);
			runOnlyForDeploymentPostprocessing = 0;
		};
/* End PBXResourcesBuildPhase section */

/* Begin PBXSourcesBuildPhase section */
		40F2D55D2714F8A10025BB9B /* Sources */ = {
			isa = PBXSourcesBuildPhase;
			buildActionMask = 2147483647;
			files = (
				40F2D5692714F8A10025BB9B /* ViewController.swift in Sources */,
				40F2D5652714F8A10025BB9B /* AppDelegate.swift in Sources */,
				40F2D5672714F8A10025BB9B /* SceneDelegate.swift in Sources */,
			);
			runOnlyForDeploymentPostprocessing = 0;
		};
		40F2D5732714F8A20025BB9B /* Sources */ = {
			isa = PBXSourcesBuildPhase;
			buildActionMask = 2147483647;
			files = (
				40F2D57C2714F8A20025BB9B /* citizenmeTests.swift in Sources */,
			);
			runOnlyForDeploymentPostprocessing = 0;
		};
		40F2D57E2714F8A20025BB9B /* Sources */ = {
			isa = PBXSourcesBuildPhase;
			buildActionMask = 2147483647;
			files = (
				40F2D5872714F8A20025BB9B /* citizenmeUITests.swift in Sources */,
			);
			runOnlyForDeploymentPostprocessing = 0;
		};
/* End PBXSourcesBuildPhase section */

/* Begin PBXTargetDependency section */
		40F2D5792714F8A20025BB9B /* PBXTargetDependency */ = {
			isa = PBXTargetDependency;
			target = 40F2D5602714F8A10025BB9B /* citizenme */;
			targetProxy = 40F2D5782714F8A20025BB9B /* PBXContainerItemProxy */;
		};
		40F2D5842714F8A20025BB9B /* PBXTargetDependency */ = {
			isa = PBXTargetDependency;
			target = 40F2D5602714F8A10025BB9B /* citizenme */;
			targetProxy = 40F2D5832714F8A20025BB9B /* PBXContainerItemProxy */;
		};
/* End PBXTargetDependency section */

/* Begin PBXVariantGroup section */
		40F2D56A2714F8A10025BB9B /* Main.storyboard */ = {
			isa = PBXVariantGroup;
			children = (
				40F2D56B2714F8A10025BB9B /* Base */,
			);
			name = Main.storyboard;
			sourceTree = "<group>";
		};
		40F2D56F2714F8A20025BB9B /* LaunchScreen.storyboard */ = {
			isa = PBXVariantGroup;
			children = (
				40F2D5702714F8A20025BB9B /* Base */,
			);
			name = LaunchScreen.storyboard;
			sourceTree = "<group>";
		};
/* End PBXVariantGroup section */

/* Begin XCBuildConfiguration section */
		40F2D5892714F8A20025BB9B /* Debug */ = {
			isa = XCBuildConfiguration;
			buildSettings = {
				ALWAYS_SEARCH_USER_PATHS = NO;
				CLANG_ANALYZER_NONNULL = YES;
				CLANG_ANALYZER_NUMBER_OBJECT_CONVERSION = YES_AGGRESSIVE;
				CLANG_CXX_LANGUAGE_STANDARD = "gnu++14";
				CLANG_CXX_LIBRARY = "libc++";
				CLANG_ENABLE_MODULES = YES;
				CLANG_ENABLE_OBJC_ARC = YES;
				CLANG_ENABLE_OBJC_WEAK = YES;
				CLANG_WARN_BLOCK_CAPTURE_AUTORELEASING = YES;
				CLANG_WARN_BOOL_CONVERSION = YES;
				CLANG_WARN_COMMA = YES;
				CLANG_WARN_CONSTANT_CONVERSION = YES;
				CLANG_WARN_DEPRECATED_OBJC_IMPLEMENTATIONS = YES;
				CLANG_WARN_DIRECT_OBJC_ISA_USAGE = YES_ERROR;
				CLANG_WARN_DOCUMENTATION_COMMENTS = YES;
				CLANG_WARN_EMPTY_BODY = YES;
				CLANG_WARN_ENUM_CONVERSION = YES;
				CLANG_WARN_INFINITE_RECURSION = YES;
				CLANG_WARN_INT_CONVERSION = YES;
				CLANG_WARN_NON_LITERAL_NULL_CONVERSION = YES;
				CLANG_WARN_OBJC_IMPLICIT_RETAIN_SELF = YES;
				CLANG_WARN_OBJC_LITERAL_CONVERSION = YES;
				CLANG_WARN_OBJC_ROOT_CLASS = YES_ERROR;
				CLANG_WARN_QUOTED_INCLUDE_IN_FRAMEWORK_HEADER = YES;
				CLANG_WARN_RANGE_LOOP_ANALYSIS = YES;
				CLANG_WARN_STRICT_PROTOTYPES = YES;
				CLANG_WARN_SUSPICIOUS_MOVE = YES;
				CLANG_WARN_UNGUARDED_AVAILABILITY = YES_AGGRESSIVE;
				CLANG_WARN_UNREACHABLE_CODE = YES;
				CLANG_WARN__DUPLICATE_METHOD_MATCH = YES;
				COPY_PHASE_STRIP = NO;
				DEBUG_INFORMATION_FORMAT = dwarf;
				ENABLE_STRICT_OBJC_MSGSEND = YES;
				ENABLE_TESTABILITY = YES;
				GCC_C_LANGUAGE_STANDARD = gnu11;
				GCC_DYNAMIC_NO_PIC = NO;
				GCC_NO_COMMON_BLOCKS = YES;
				GCC_OPTIMIZATION_LEVEL = 0;
				GCC_PREPROCESSOR_DEFINITIONS = (
					"DEBUG=1",
					"$(inherited)",
				);
				GCC_WARN_64_TO_32_BIT_CONVERSION = YES;
				GCC_WARN_ABOUT_RETURN_TYPE = YES_ERROR;
				GCC_WARN_UNDECLARED_SELECTOR = YES;
				GCC_WARN_UNINITIALIZED_AUTOS = YES_AGGRESSIVE;
				GCC_WARN_UNUSED_FUNCTION = YES;
				GCC_WARN_UNUSED_VARIABLE = YES;
				IPHONEOS_DEPLOYMENT_TARGET = 14.4;
				MTL_ENABLE_DEBUG_INFO = INCLUDE_SOURCE;
				MTL_FAST_MATH = YES;
				ONLY_ACTIVE_ARCH = YES;
				SDKROOT = iphoneos;
				SWIFT_ACTIVE_COMPILATION_CONDITIONS = DEBUG;
				SWIFT_OPTIMIZATION_LEVEL = "-Onone";
			};
			name = Debug;
		};
		40F2D58A2714F8A20025BB9B /* Release */ = {
			isa = XCBuildConfiguration;
			buildSettings = {
				ALWAYS_SEARCH_USER_PATHS = NO;
				CLANG_ANALYZER_NONNULL = YES;
				CLANG_ANALYZER_NUMBER_OBJECT_CONVERSION = YES_AGGRESSIVE;
				CLANG_CXX_LANGUAGE_STANDARD = "gnu++14";
				CLANG_CXX_LIBRARY = "libc++";
				CLANG_ENABLE_MODULES = YES;
				CLANG_ENABLE_OBJC_ARC = YES;
				CLANG_ENABLE_OBJC_WEAK = YES;
				CLANG_WARN_BLOCK_CAPTURE_AUTORELEASING = YES;
				CLANG_WARN_BOOL_CONVERSION = YES;
				CLANG_WARN_COMMA = YES;
				CLANG_WARN_CONSTANT_CONVERSION = YES;
				CLANG_WARN_DEPRECATED_OBJC_IMPLEMENTATIONS = YES;
				CLANG_WARN_DIRECT_OBJC_ISA_USAGE = YES_ERROR;
				CLANG_WARN_DOCUMENTATION_COMMENTS = YES;
				CLANG_WARN_EMPTY_BODY = YES;
				CLANG_WARN_ENUM_CONVERSION = YES;
				CLANG_WARN_INFINITE_RECURSION = YES;
				CLANG_WARN_INT_CONVERSION = YES;
				CLANG_WARN_NON_LITERAL_NULL_CONVERSION = YES;
				CLANG_WARN_OBJC_IMPLICIT_RETAIN_SELF = YES;
				CLANG_WARN_OBJC_LITERAL_CONVERSION = YES;
				CLANG_WARN_OBJC_ROOT_CLASS = YES_ERROR;
				CLANG_WARN_QUOTED_INCLUDE_IN_FRAMEWORK_HEADER = YES;
				CLANG_WARN_RANGE_LOOP_ANALYSIS = YES;
				CLANG_WARN_STRICT_PROTOTYPES = YES;
				CLANG_WARN_SUSPICIOUS_MOVE = YES;
				CLANG_WARN_UNGUARDED_AVAILABILITY = YES_AGGRESSIVE;
				CLANG_WARN_UNREACHABLE_CODE = YES;
				CLANG_WARN__DUPLICATE_METHOD_MATCH = YES;
				COPY_PHASE_STRIP = NO;
				DEBUG_INFORMATION_FORMAT = "dwarf-with-dsym";
				ENABLE_NS_ASSERTIONS = NO;
				ENABLE_STRICT_OBJC_MSGSEND = YES;
				GCC_C_LANGUAGE_STANDARD = gnu11;
				GCC_NO_COMMON_BLOCKS = YES;
				GCC_WARN_64_TO_32_BIT_CONVERSION = YES;
				GCC_WARN_ABOUT_RETURN_TYPE = YES_ERROR;
				GCC_WARN_UNDECLARED_SELECTOR = YES;
				GCC_WARN_UNINITIALIZED_AUTOS = YES_AGGRESSIVE;
				GCC_WARN_UNUSED_FUNCTION = YES;
				GCC_WARN_UNUSED_VARIABLE = YES;
				IPHONEOS_DEPLOYMENT_TARGET = 14.4;
				MTL_ENABLE_DEBUG_INFO = NO;
				MTL_FAST_MATH = YES;
				SDKROOT = iphoneos;
				SWIFT_COMPILATION_MODE = wholemodule;
				SWIFT_OPTIMIZATION_LEVEL = "-O";
				VALIDATE_PRODUCT = YES;
			};
			name = Release;
		};
		40F2D58C2714F8A20025BB9B /* Debug */ = {
			isa = XCBuildConfiguration;
			buildSettings = {
				ASSETCATALOG_COMPILER_APPICON_NAME = AppIcon;
				ASSETCATALOG_COMPILER_GLOBAL_ACCENT_COLOR_NAME = AccentColor;
				CODE_SIGN_STYLE = Automatic;
				DEVELOPMENT_TEAM = 6R8JYSLZ3D;
				INFOPLIST_FILE = citizenme/Info.plist;
				LD_RUNPATH_SEARCH_PATHS = (
					"$(inherited)",
					"@executable_path/Frameworks",
				);
				PRODUCT_BUNDLE_IDENTIFIER = FurkanKarakoc.citizenme;
				PRODUCT_NAME = "$(TARGET_NAME)";
				SWIFT_VERSION = 5.0;
				TARGETED_DEVICE_FAMILY = "1,2";
			};
			name = Debug;
		};
		40F2D58D2714F8A20025BB9B /* Release */ = {
			isa = XCBuildConfiguration;
			buildSettings = {
				ASSETCATALOG_COMPILER_APPICON_NAME = AppIcon;
				ASSETCATALOG_COMPILER_GLOBAL_ACCENT_COLOR_NAME = AccentColor;
				CODE_SIGN_STYLE = Automatic;
				DEVELOPMENT_TEAM = 6R8JYSLZ3D;
				INFOPLIST_FILE = citizenme/Info.plist;
				LD_RUNPATH_SEARCH_PATHS = (
					"$(inherited)",
					"@executable_path/Frameworks",
				);
				PRODUCT_BUNDLE_IDENTIFIER = FurkanKarakoc.citizenme;
				PRODUCT_NAME = "$(TARGET_NAME)";
				SWIFT_VERSION = 5.0;
				TARGETED_DEVICE_FAMILY = "1,2";
			};
			name = Release;
		};
		40F2D58F2714F8A20025BB9B /* Debug */ = {
			isa = XCBuildConfiguration;
			buildSettings = {
				ALWAYS_EMBED_SWIFT_STANDARD_LIBRARIES = YES;
				BUNDLE_LOADER = "$(TEST_HOST)";
				CODE_SIGN_STYLE = Automatic;
				DEVELOPMENT_TEAM = 6R8JYSLZ3D;
				INFOPLIST_FILE = citizenmeTests/Info.plist;
				IPHONEOS_DEPLOYMENT_TARGET = 14.4;
				LD_RUNPATH_SEARCH_PATHS = (
					"$(inherited)",
					"@executable_path/Frameworks",
					"@loader_path/Frameworks",
				);
				PRODUCT_BUNDLE_IDENTIFIER = FurkanKarakoc.citizenmeTests;
				PRODUCT_NAME = "$(TARGET_NAME)";
				SWIFT_VERSION = 5.0;
				TARGETED_DEVICE_FAMILY = "1,2";
				TEST_HOST = "$(BUILT_PRODUCTS_DIR)/citizenme.app/citizenme";
			};
			name = Debug;
		};
		40F2D5902714F8A20025BB9B /* Release */ = {
			isa = XCBuildConfiguration;
			buildSettings = {
				ALWAYS_EMBED_SWIFT_STANDARD_LIBRARIES = YES;
				BUNDLE_LOADER = "$(TEST_HOST)";
				CODE_SIGN_STYLE = Automatic;
				DEVELOPMENT_TEAM = 6R8JYSLZ3D;
				INFOPLIST_FILE = citizenmeTests/Info.plist;
				IPHONEOS_DEPLOYMENT_TARGET = 14.4;
				LD_RUNPATH_SEARCH_PATHS = (
					"$(inherited)",
					"@executable_path/Frameworks",
					"@loader_path/Frameworks",
				);
				PRODUCT_BUNDLE_IDENTIFIER = FurkanKarakoc.citizenmeTests;
				PRODUCT_NAME = "$(TARGET_NAME)";
				SWIFT_VERSION = 5.0;
				TARGETED_DEVICE_FAMILY = "1,2";
				TEST_HOST = "$(BUILT_PRODUCTS_DIR)/citizenme.app/citizenme";
			};
			name = Release;
		};
		40F2D5922714F8A20025BB9B /* Debug */ = {
			isa = XCBuildConfiguration;
			buildSettings = {
				ALWAYS_EMBED_SWIFT_STANDARD_LIBRARIES = YES;
				CODE_SIGN_STYLE = Automatic;
				DEVELOPMENT_TEAM = 6R8JYSLZ3D;
				INFOPLIST_FILE = citizenmeUITests/Info.plist;
				LD_RUNPATH_SEARCH_PATHS = (
					"$(inherited)",
					"@executable_path/Frameworks",
					"@loader_path/Frameworks",
				);
				PRODUCT_BUNDLE_IDENTIFIER = FurkanKarakoc.citizenmeUITests;
				PRODUCT_NAME = "$(TARGET_NAME)";
				SWIFT_VERSION = 5.0;
				TARGETED_DEVICE_FAMILY = "1,2";
				TEST_TARGET_NAME = citizenme;
			};
			name = Debug;
		};
		40F2D5932714F8A20025BB9B /* Release */ = {
			isa = XCBuildConfiguration;
			buildSettings = {
				ALWAYS_EMBED_SWIFT_STANDARD_LIBRARIES = YES;
				CODE_SIGN_STYLE = Automatic;
				DEVELOPMENT_TEAM = 6R8JYSLZ3D;
				INFOPLIST_FILE = citizenmeUITests/Info.plist;
				LD_RUNPATH_SEARCH_PATHS = (
					"$(inherited)",
					"@executable_path/Frameworks",
					"@loader_path/Frameworks",
				);
				PRODUCT_BUNDLE_IDENTIFIER = FurkanKarakoc.citizenmeUITests;
				PRODUCT_NAME = "$(TARGET_NAME)";
				SWIFT_VERSION = 5.0;
				TARGETED_DEVICE_FAMILY = "1,2";
				TEST_TARGET_NAME = citizenme;
			};
			name = Release;
		};
/* End XCBuildConfiguration section */

/* Begin XCConfigurationList section */
		40F2D55C2714F8A10025BB9B /* Build configuration list for PBXProject "citizenme" */ = {
			isa = XCConfigurationList;
			buildConfigurations = (
				40F2D5892714F8A20025BB9B /* Debug */,
				40F2D58A2714F8A20025BB9B /* Release */,
			);
			defaultConfigurationIsVisible = 0;
			defaultConfigurationName = Release;
		};
		40F2D58B2714F8A20025BB9B /* Build configuration list for PBXNativeTarget "citizenme" */ = {
			isa = XCConfigurationList;
			buildConfigurations = (
				40F2D58C2714F8A20025BB9B /* Debug */,
				40F2D58D2714F8A20025BB9B /* Release */,
			);
			defaultConfigurationIsVisible = 0;
			defaultConfigurationName = Release;
		};
		40F2D58E2714F8A20025BB9B /* Build configuration list for PBXNativeTarget "citizenmeTests" */ = {
			isa = XCConfigurationList;
			buildConfigurations = (
				40F2D58F2714F8A20025BB9B /* Debug */,
				40F2D5902714F8A20025BB9B /* Release */,
			);
			defaultConfigurationIsVisible = 0;
			defaultConfigurationName = Release;
		};
		40F2D5912714F8A20025BB9B /* Build configuration list for PBXNativeTarget "citizenmeUITests" */ = {
			isa = XCConfigurationList;
			buildConfigurations = (
				40F2D5922714F8A20025BB9B /* Debug */,
				40F2D5932714F8A20025BB9B /* Release */,
			);
			defaultConfigurationIsVisible = 0;
			defaultConfigurationName = Release;
		};
/* End XCConfigurationList section */
	};
	rootObject = 40F2D5592714F8A10025BB9B /* Project object */;
}
